{
  "nodes": {
    "nixpkgs": {
      "locked": {
        "lastModified": 1772047000,
        "narHash": "sha256-7DaQVv4R97cii/Qdfy4tmDZMB2xxtyIvNGSwXBBhSmo=",
        "owner": "NixOS",
        "repo": "nixpkgs",
        "rev": "1267bb4920d0fc06ea916734c11b0bf004bbe17e",
        "type": "github"
      },
      "original": {
        "id": "nixpkgs",
        "ref": "nixos-25.11",
        "type": "indirect"
      }
    },
    "nixpkgs_2": {
      "locked": {
        "lastModified": 1772173633,
        "narHash": "sha256-MOH58F4AIbCkh6qlQcwMycyk5SWvsqnS/TCfnqDlpj4=",
        "owner": "NixOS",
        "repo": "nixpkgs",
        "rev": "c0f3d81a7ddbc2b1332be0d8481a672b4f6004d6",
        "type": "github"
      },
      "original": {
        "owner": "NixOS",
        "ref": "nixpkgs-unstable",
        "repo": "nixpkgs",
        "type": "github"
      }
    },
    "root": {
      "inputs": {
        "nixpkgs": "nixpkgs",
        "sops-nix": "sops-nix"
      }
    },
    "sops-nix": {
      "inputs": {
        "nixpkgs": "nixpkgs_2"
      },
      "locked": {
        "lastModified": 1772401007,
        "narHash": "sha256-YHykQg0h9hrlZGpMcywnaFzQ1Kn/5YNCCOSaaAl6z7Q=",
        "owner": "Mic92",
        "repo": "sops-nix",
        "rev": "d8be5ea4cd3bc363492ab5bc6e874ccdc5465fe4",
        "type": "github"
      },
      "original": {
        "owner": "Mic92",
        "repo": "sops-nix",
        "type": "github"
      }
    }
  },
  "root": "root",
  "version": 7
}
